// !$*UTF8*$!
{
	archiveVersion = 1;
	classes = {
	};
	objectVersion = 46;
	objects = {

/* Begin PBXBuildFile section */
		5CDFBDBD1AB0049100CE210A /* main.m in Sources */ = {isa = PBXBuildFile; fileRef = 5CDFBDBC1AB0049100CE210A /* main.m */; };
		5CDFBDC01AB0049100CE210A /* AppDelegate.m in Sources */ = {isa = PBXBuildFile; fileRef = 5CDFBDBF1AB0049100CE210A /* AppDelegate.m */; };
		5CDFBDC31AB0049100CE210A /* ViewController.m in Sources */ = {isa = PBXBuildFile; fileRef = 5CDFBDC21AB0049100CE210A /* ViewController.m */; };
		5CDFBDC61AB0049100CE210A /* Main.storyboard in Resources */ = {isa = PBXBuildFile; fileRef = 5CDFBDC41AB0049100CE210A /* Main.storyboard */; };
		5CDFBDC81AB0049100CE210A /* Images.xcassets in Resources */ = {isa = PBXBuildFile; fileRef = 5CDFBDC71AB0049100CE210A /* Images.xcassets */; };
		5CDFBDCB1AB0049100CE210A /* LaunchScreen.xib in Resources */ = {isa = PBXBuildFile; fileRef = 5CDFBDC91AB0049100CE210A /* LaunchScreen.xib */; };
		5CDFBDD71AB0049100CE210A /* week2Tests.m in Sources */ = {isa = PBXBuildFile; fileRef = 5CDFBDD61AB0049100CE210A /* week2Tests.m */; };
		5CDFBDE11AB004DC00CE210A /* persons.txt in Resources */ = {isa = PBXBuildFile; fileRef = 5CDFBDE01AB004DC00CE210A /* persons.txt */; };
		5CDFBDE41AB0052200CE210A /* NXPersonModel.m in Sources */ = {isa = PBXBuildFile; fileRef = 5CDFBDE31AB0052200CE210A /* NXPersonModel.m */; };
		5CDFBDE71AB014CE00CE210A /* WordLadder.m in Sources */ = {isa = PBXBuildFile; fileRef = 5CDFBDE61AB014CE00CE210A /* WordLadder.m */; };
/* End PBXBuildFile section */

/* Begin PBXContainerItemProxy section */
		5CDFBDD11AB0049100CE210A /* PBXContainerItemProxy */ = {
			isa = PBXContainerItemProxy;
			containerPortal = 5CDFBDAF1AB0049100CE210A /* Project object */;
			proxyType = 1;
			remoteGlobalIDString = 5CDFBDB61AB0049100CE210A;
			remoteInfo = week2;
		};
/* End PBXContainerItemProxy section */

/* Begin PBXFileReference section */
		5CDFBDB71AB0049100CE210A /* week2.app */ = {isa = PBXFileReference; explicitFileType = wrapper.application; includeInIndex = 0; path = week2.app; sourceTree = BUILT_PRODUCTS_DIR; };
		5CDFBDBB1AB0049100CE210A /* Info.plist */ = {isa = PBXFileReference; lastKnownFileType = text.plist.xml; path = Info.plist; sourceTree = "<group>"; };
		5CDFBDBC1AB0049100CE210A /* main.m */ = {isa = PBXFileReference; lastKnownFileType = sourcecode.c.objc; path = main.m; sourceTree = "<group>"; };
		5CDFBDBE1AB0049100CE210A /* AppDelegate.h */ = {isa = PBXFileReference; lastKnownFileType = sourcecode.c.h; path = AppDelegate.h; sourceTree = "<group>"; };
		5CDFBDBF1AB0049100CE210A /* AppDelegate.m */ = {isa = PBXFileReference; lastKnownFileType = sourcecode.c.objc; path = AppDelegate.m; sourceTree = "<group>"; };
		5CDFBDC11AB0049100CE210A /* ViewController.h */ = {isa = PBXFileReference; lastKnownFileType = sourcecode.c.h; path = ViewController.h; sourceTree = "<group>"; };
		5CDFBDC21AB0049100CE210A /* ViewController.m */ = {isa = PBXFileReference; lastKnownFileType = sourcecode.c.objc; path = ViewController.m; sourceTree = "<group>"; };
		5CDFBDC51AB0049100CE210A /* Base */ = {isa = PBXFileReference; lastKnownFileType = file.storyboard; name = Base; path = Base.lproj/Main.storyboard; sourceTree = "<group>"; };
		5CDFBDC71AB0049100CE210A /* Images.xcassets */ = {isa = PBXFileReference; lastKnownFileType = folder.assetcatalog; path = Images.xcassets; sourceTree = "<group>"; };
		5CDFBDCA1AB0049100CE210A /* Base */ = {isa = PBXFileReference; lastKnownFileType = file.xib; name = Base; path = Base.lproj/LaunchScreen.xib; sourceTree = "<group>"; };
		5CDFBDD01AB0049100CE210A /* week2Tests.xctest */ = {isa = PBXFileReference; explicitFileType = wrapper.cfbundle; includeInIndex = 0; path = week2Tests.xctest; sourceTree = BUILT_PRODUCTS_DIR; };
		5CDFBDD51AB0049100CE210A /* Info.plist */ = {isa = PBXFileReference; lastKnownFileType = text.plist.xml; path = Info.plist; sourceTree = "<group>"; };
		5CDFBDD61AB0049100CE210A /* week2Tests.m */ = {isa = PBXFileReference; lastKnownFileType = sourcecode.c.objc; path = week2Tests.m; sourceTree = "<group>"; };
		5CDFBDE01AB004DC00CE210A /* persons.txt */ = {isa = PBXFileReference; fileEncoding = 4; lastKnownFileType = text; path = persons.txt; sourceTree = "<group>"; };
		5CDFBDE21AB0052200CE210A /* NXPersonModel.h */ = {isa = PBXFileReference; fileEncoding = 4; lastKnownFileType = sourcecode.c.h; path = NXPersonModel.h; sourceTree = "<group>"; };
		5CDFBDE31AB0052200CE210A /* NXPersonModel.m */ = {isa = PBXFileReference; fileEncoding = 4; lastKnownFileType = sourcecode.c.objc; path = NXPersonModel.m; sourceTree = "<group>"; };
		5CDFBDE51AB014CE00CE210A /* WordLadder.h */ = {isa = PBXFileReference; fileEncoding = 4; lastKnownFileType = sourcecode.c.h; path = WordLadder.h; sourceTree = "<group>"; };
		5CDFBDE61AB014CE00CE210A /* WordLadder.m */ = {isa = PBXFileReference; fileEncoding = 4; lastKnownFileType = sourcecode.c.objc; path = WordLadder.m; sourceTree = "<group>"; };
/* End PBXFileReference section */

/* Begin PBXFrameworksBuildPhase section */
		5CDFBDB41AB0049100CE210A /* Frameworks */ = {
			isa = PBXFrameworksBuildPhase;
			buildActionMask = 2147483647;
			files = (
			);
			runOnlyForDeploymentPostprocessing = 0;
		};
		5CDFBDCD1AB0049100CE210A /* Frameworks */ = {
			isa = PBXFrameworksBuildPhase;
			buildActionMask = 2147483647;
			files = (
			);
			runOnlyForDeploymentPostprocessing = 0;
		};
/* End PBXFrameworksBuildPhase section */

/* Begin PBXGroup section */
		5CDFBDAE1AB0049100CE210A = {
			isa = PBXGroup;
			children = (
				5CDFBDB91AB0049100CE210A /* week2 */,
				5CDFBDD31AB0049100CE210A /* week2Tests */,
				5CDFBDB81AB0049100CE210A /* Products */,
			);
			sourceTree = "<group>";
		};
		5CDFBDB81AB0049100CE210A /* Products */ = {
			isa = PBXGroup;
			children = (
				5CDFBDB71AB0049100CE210A /* week2.app */,
				5CDFBDD01AB0049100CE210A /* week2Tests.xctest */,
			);
			name = Products;
			sourceTree = "<group>";
		};
		5CDFBDB91AB0049100CE210A /* week2 */ = {
			isa = PBXGroup;
			children = (
				5CDFBDE01AB004DC00CE210A /* persons.txt */,
				5CDFBDBE1AB0049100CE210A /* AppDelegate.h */,
				5CDFBDBF1AB0049100CE210A /* AppDelegate.m */,
				5CDFBDC11AB0049100CE210A /* ViewController.h */,
				5CDFBDC21AB0049100CE210A /* ViewController.m */,
				5CDFBDC41AB0049100CE210A /* Main.storyboard */,
				5CDFBDC71AB0049100CE210A /* Images.xcassets */,
				5CDFBDC91AB0049100CE210A /* LaunchScreen.xib */,
				5CDFBDBA1AB0049100CE210A /* Supporting Files */,
				5CDFBDE21AB0052200CE210A /* NXPersonModel.h */,
				5CDFBDE31AB0052200CE210A /* NXPersonModel.m */,
				5CDFBDE51AB014CE00CE210A /* WordLadder.h */,
				5CDFBDE61AB014CE00CE210A /* WordLadder.m */,
			);
			path = week2;
			sourceTree = "<group>";
		};
		5CDFBDBA1AB0049100CE210A /* Supporting Files */ = {
			isa = PBXGroup;
			children = (
				5CDFBDBB1AB0049100CE210A /* Info.plist */,
				5CDFBDBC1AB0049100CE210A /* main.m */,
			);
			name = "Supporting Files";
			sourceTree = "<group>";
		};
		5CDFBDD31AB0049100CE210A /* week2Tests */ = {
			isa = PBXGroup;
			children = (
				5CDFBDD61AB0049100CE210A /* week2Tests.m */,
				5CDFBDD41AB0049100CE210A /* Supporting Files */,
			);
			path = week2Tests;
			sourceTree = "<group>";
		};
		5CDFBDD41AB0049100CE210A /* Supporting Files */ = {
			isa = PBXGroup;
			children = (
				5CDFBDD51AB0049100CE210A /* Info.plist */,
			);
			name = "Supporting Files";
			sourceTree = "<group>";
		};
/* End PBXGroup section */

/* Begin PBXNativeTarget section */
		5CDFBDB61AB0049100CE210A /* week2 */ = {
			isa = PBXNativeTarget;
			buildConfigurationList = 5CDFBDDA1AB0049100CE210A /* Build configuration list for PBXNativeTarget "week2" */;
			buildPhases = (
				5CDFBDB31AB0049100CE210A /* Sources */,
				5CDFBDB41AB0049100CE210A /* Frameworks */,
				5CDFBDB51AB0049100CE210A /* Resources */,
			);
			buildRules = (
			);
			dependencies = (
			);
			name = week2;
			productName = week2;
			productReference = 5CDFBDB71AB0049100CE210A /* week2.app */;
			productType = "com.apple.product-type.application";
		};
		5CDFBDCF1AB0049100CE210A /* week2Tests */ = {
			isa = PBXNativeTarget;
			buildConfigurationList = 5CDFBDDD1AB0049100CE210A /* Build configuration list for PBXNativeTarget "week2Tests" */;
			buildPhases = (
				5CDFBDCC1AB0049100CE210A /* Sources */,
				5CDFBDCD1AB0049100CE210A /* Frameworks */,
				5CDFBDCE1AB0049100CE210A /* Resources */,
			);
			buildRules = (
			);
			dependencies = (
				5CDFBDD21AB0049100CE210A /* PBXTargetDependency */,
			);
			name = week2Tests;
			productName = week2Tests;
			productReference = 5CDFBDD01AB0049100CE210A /* week2Tests.xctest */;
			productType = "com.apple.product-type.bundle.unit-test";
		};
/* End PBXNativeTarget section */

/* Begin PBXProject section */
		5CDFBDAF1AB0049100CE210A /* Project object */ = {
			isa = PBXProject;
			attributes = {
				LastUpgradeCheck = 0610;
				ORGANIZATIONNAME = DuckyCho;
				TargetAttributes = {
					5CDFBDB61AB0049100CE210A = {
						CreatedOnToolsVersion = 6.1.1;
					};
					5CDFBDCF1AB0049100CE210A = {
						CreatedOnToolsVersion = 6.1.1;
						TestTargetID = 5CDFBDB61AB0049100CE210A;
					};
				};
			};
			buildConfigurationList = 5CDFBDB21AB0049100CE210A /* Build configuration list for PBXProject "week2" */;
			compatibilityVersion = "Xcode 3.2";
			developmentRegion = English;
			hasScannedForEncodings = 0;
			knownRegions = (
				en,
				Base,
			);
			mainGroup = 5CDFBDAE1AB0049100CE210A;
			productRefGroup = 5CDFBDB81AB0049100CE210A /* Products */;
			projectDirPath = "";
			projectRoot = "";
			targets = (
				5CDFBDB61AB0049100CE210A /* week2 */,
				5CDFBDCF1AB0049100CE210A /* week2Tests */,
			);
		};
/* End PBXProject section */

/* Begin PBXResourcesBuildPhase section */
		5CDFBDB51AB0049100CE210A /* Resources */ = {
			isa = PBXResourcesBuildPhase;
			buildActionMask = 2147483647;
			files = (
				5CDFBDC61AB0049100CE210A /* Main.storyboard in Resources */,
				5CDFBDCB1AB0049100CE210A /* LaunchScreen.xib in Resources */,
				5CDFBDC81AB0049100CE210A /* Images.xcassets in Resources */,
				5CDFBDE11AB004DC00CE210A /* persons.txt in Resources */,
			);
			runOnlyForDeploymentPostprocessing = 0;
		};
		5CDFBDCE1AB0049100CE210A /* Resources */ = {
			isa = PBXResourcesBuildPhase;
			buildActionMask = 2147483647;
			files = (
			);
			runOnlyForDeploymentPostprocessing = 0;
		};
/* End PBXResourcesBuildPhase section */

/* Begin PBXSourcesBuildPhase section */
		5CDFBDB31AB0049100CE210A /* Sources */ = {
			isa = PBXSourcesBuildPhase;
			buildActionMask = 2147483647;
			files = (
				5CDFBDE41AB0052200CE210A /* NXPersonModel.m in Sources */,
				5CDFBDC31AB0049100CE210A /* ViewController.m in Sources */,
				5CDFBDC01AB0049100CE210A /* AppDelegate.m in Sources */,
				5CDFBDBD1AB0049100CE210A /* main.m in Sources */,
				5CDFBDE71AB014CE00CE210A /* WordLadder.m in Sources */,
			);
			runOnlyForDeploymentPostprocessing = 0;
		};
		5CDFBDCC1AB0049100CE210A /* Sources */ = {
			isa = PBXSourcesBuildPhase;
			buildActionMask = 2147483647;
			files = (
				5CDFBDD71AB0049100CE210A /* week2Tests.m in Sources */,
			);
			runOnlyForDeploymentPostprocessing = 0;
		};
/* End PBXSourcesBuildPhase section */

/* Begin PBXTargetDependency section */
		5CDFBDD21AB0049100CE210A /* PBXTargetDependency */ = {
			isa = PBXTargetDependency;
			target = 5CDFBDB61AB0049100CE210A /* week2 */;
			targetProxy = 5CDFBDD11AB0049100CE210A /* PBXContainerItemProxy */;
		};
/* End PBXTargetDependency section */

/* Begin PBXVariantGroup section */
		5CDFBDC41AB0049100CE210A /* Main.storyboard */ = {
			isa = PBXVariantGroup;
			children = (
				5CDFBDC51AB0049100CE210A /* Base */,
			);
			name = Main.storyboard;
			sourceTree = "<group>";
		};
		5CDFBDC91AB0049100CE210A /* LaunchScreen.xib */ = {
			isa = PBXVariantGroup;
			children = (
				5CDFBDCA1AB0049100CE210A /* Base */,
			);
			name = LaunchScreen.xib;
			sourceTree = "<group>";
		};
/* End PBXVariantGroup section */

/* Begin XCBuildConfiguration section */
		5CDFBDD81AB0049100CE210A /* Debug */ = {
			isa = XCBuildConfiguration;
			buildSettings = {
				ALWAYS_SEARCH_USER_PATHS = NO;
				CLANG_CXX_LANGUAGE_STANDARD = "gnu++0x";
				CLANG_CXX_LIBRARY = "libc++";
				CLANG_ENABLE_MODULES = YES;
				CLANG_ENABLE_OBJC_ARC = YES;
				CLANG_WARN_BOOL_CONVERSION = YES;
				CLANG_WARN_CONSTANT_CONVERSION = YES;
				CLANG_WARN_DIRECT_OBJC_ISA_USAGE = YES_ERROR;
				CLANG_WARN_EMPTY_BODY = YES;
				CLANG_WARN_ENUM_CONVERSION = YES;
				CLANG_WARN_INT_CONVERSION = YES;
				CLANG_WARN_OBJC_ROOT_CLASS = YES_ERROR;
				CLANG_WARN_UNREACHABLE_CODE = YES;
				CLANG_WARN__DUPLICATE_METHOD_MATCH = YES;
				"CODE_SIGN_IDENTITY[sdk=iphoneos*]" = "iPhone Developer";
				COPY_PHASE_STRIP = NO;
				ENABLE_STRICT_OBJC_MSGSEND = YES;
				GCC_C_LANGUAGE_STANDARD = gnu99;
				GCC_DYNAMIC_NO_PIC = NO;
				GCC_OPTIMIZATION_LEVEL = 0;
				GCC_PREPROCESSOR_DEFINITIONS = (
					"DEBUG=1",
					"$(inherited)",
				);
				GCC_SYMBOLS_PRIVATE_EXTERN = NO;
				GCC_WARN_64_TO_32_BIT_CONVERSION = YES;
				GCC_WARN_ABOUT_RETURN_TYPE = YES_ERROR;
				GCC_WARN_UNDECLARED_SELECTOR = YES;
				GCC_WARN_UNINITIALIZED_AUTOS = YES_AGGRESSIVE;
				GCC_WARN_UNUSED_FUNCTION = YES;
				GCC_WARN_UNUSED_VARIABLE = YES;
				IPHONEOS_DEPLOYMENT_TARGET = 8.1;
				MTL_ENABLE_DEBUG_INFO = YES;
				ONLY_ACTIVE_ARCH = YES;
				SDKROOT = iphoneos;
			};
			name = Debug;
		};
		5CDFBDD91AB0049100CE210A /* Release */ = {
			isa = XCBuildConfiguration;
			buildSettings = {
				ALWAYS_SEARCH_USER_PATHS = NO;
				CLANG_CXX_LANGUAGE_STANDARD = "gnu++0x";
				CLANG_CXX_LIBRARY = "libc++";
				CLANG_ENABLE_MODULES = YES;
				CLANG_ENABLE_OBJC_ARC = YES;
				CLANG_WARN_BOOL_CONVERSION = YES;
				CLANG_WARN_CONSTANT_CONVERSION = YES;
				CLANG_WARN_DIRECT_OBJC_ISA_USAGE = YES_ERROR;
				CLANG_WARN_EMPTY_BODY = YES;
				CLANG_WARN_ENUM_CONVERSION = YES;
				CLANG_WARN_INT_CONVERSION = YES;
				CLANG_WARN_OBJC_ROOT_CLASS = YES_ERROR;
				CLANG_WARN_UNREACHABLE_CODE = YES;
				CLANG_WARN__DUPLICATE_METHOD_MATCH = YES;
				"CODE_SIGN_IDENTITY[sdk=iphoneos*]" = "iPhone Developer";
				COPY_PHASE_STRIP = YES;
				ENABLE_NS_ASSERTIONS = NO;
				ENABLE_STRICT_OBJC_MSGSEND = YES;
				GCC_C_LANGUAGE_STANDARD = gnu99;
				GCC_WARN_64_TO_32_BIT_CONVERSION = YES;
				GCC_WARN_ABOUT_RETURN_TYPE = YES_ERROR;
				GCC_WARN_UNDECLARED_SELECTOR = YES;
				GCC_WARN_UNINITIALIZED_AUTOS = YES_AGGRESSIVE;
				GCC_WARN_UNUSED_FUNCTION = YES;
				GCC_WARN_UNUSED_VARIABLE = YES;
				IPHONEOS_DEPLOYMENT_TARGET = 8.1;
				MTL_ENABLE_DEBUG_INFO = NO;
				SDKROOT = iphoneos;
				VALIDATE_PRODUCT = YES;
			};
			name = Release;
		};
		5CDFBDDB1AB0049100CE210A /* Debug */ = {
			isa = XCBuildConfiguration;
			buildSettings = {
				ASSETCATALOG_COMPILER_APPICON_NAME = AppIcon;
				INFOPLIST_FILE = week2/Info.plist;
				LD_RUNPATH_SEARCH_PATHS = "$(inherited) @executable_path/Frameworks";
				PRODUCT_NAME = "$(TARGET_NAME)";
			};
			name = Debug;
		};
		5CDFBDDC1AB0049100CE210A /* Release */ = {
			isa = XCBuildConfiguration;
			buildSettings = {
				ASSETCATALOG_COMPILER_APPICON_NAME = AppIcon;
				INFOPLIST_FILE = week2/Info.plist;
				LD_RUNPATH_SEARCH_PATHS = "$(inherited) @executable_path/Frameworks";
				PRODUCT_NAME = "$(TARGET_NAME)";
			};
			name = Release;
		};
		5CDFBDDE1AB0049100CE210A /* Debug */ = {
			isa = XCBuildConfiguration;
			buildSettings = {
				BUNDLE_LOADER = "$(TEST_HOST)";
				FRAMEWORK_SEARCH_PATHS = (
					"$(SDKROOT)/Developer/Library/Frameworks",
					"$(inherited)",
				);
				GCC_PREPROCESSOR_DEFINITIONS = (
					"DEBUG=1",
					"$(inherited)",
				);
				INFOPLIST_FILE = week2Tests/Info.plist;
				LD_RUNPATH_SEARCH_PATHS = "$(inherited) @executable_path/Frameworks @loader_path/Frameworks";
				PRODUCT_NAME = "$(TARGET_NAME)";
				TEST_HOST = "$(BUILT_PRODUCTS_DIR)/week2.app/week2";
			};
			name = Debug;
		};
		5CDFBDDF1AB0049100CE210A /* Release */ = {
			isa = XCBuildConfiguration;
			buildSettings = {
				BUNDLE_LOADER = "$(TEST_HOST)";
				FRAMEWORK_SEARCH_PATHS = (
					"$(SDKROOT)/Developer/Library/Frameworks",
					"$(inherited)",
				);
				INFOPLIST_FILE = week2Tests/Info.plist;
				LD_RUNPATH_SEARCH_PATHS = "$(inherited) @executable_path/Frameworks @loader_path/Frameworks";
				PRODUCT_NAME = "$(TARGET_NAME)";
				TEST_HOST = "$(BUILT_PRODUCTS_DIR)/week2.app/week2";
			};
			name = Release;
		};
/* End XCBuildConfiguration section */

/* Begin XCConfigurationList section */
		5CDFBDB21AB0049100CE210A /* Build configuration list for PBXProject "week2" */ = {
			isa = XCConfigurationList;
			buildConfigurations = (
				5CDFBDD81AB0049100CE210A /* Debug */,
				5CDFBDD91AB0049100CE210A /* Release */,
			);
			defaultConfigurationIsVisible = 0;
			defaultConfigurationName = Release;
		};
		5CDFBDDA1AB0049100CE210A /* Build configuration list for PBXNativeTarget "week2" */ = {
			isa = XCConfigurationList;
			buildConfigurations = (
				5CDFBDDB1AB0049100CE210A /* Debug */,
				5CDFBDDC1AB0049100CE210A /* Release */,
			);
			defaultConfigurationIsVisible = 0;
		};
		5CDFBDDD1AB0049100CE210A /* Build configuration list for PBXNativeTarget "week2Tests" */ = {
			isa = XCConfigurationList;
			buildConfigurations = (
				5CDFBDDE1AB0049100CE210A /* Debug */,
				5CDFBDDF1AB0049100CE210A /* Release */,
			);
			defaultConfigurationIsVisible = 0;
		};
/* End XCConfigurationList section */
	};
	rootObject = 5CDFBDAF1AB0049100CE210A /* Project object */;
}
