// !$*UTF8*$!
{
	archiveVersion = 1;
	classes = {
	};
	objectVersion = 46;
	objects = {

/* Begin PBXBuildFile section */
		5C16CB631AA6CBD20075A46B /* main.m in Sources */ = {isa = PBXBuildFile; fileRef = 5C16CB621AA6CBD20075A46B /* main.m */; };
		5C16CB6B1AA6CDD70075A46B /* NXPerson.m in Sources */ = {isa = PBXBuildFile; fileRef = 5C16CB6A1AA6CDD70075A46B /* NXPerson.m */; };
		5C16CB6E1AA6D9640075A46B /* Finder.m in Sources */ = {isa = PBXBuildFile; fileRef = 5C16CB6D1AA6D9640075A46B /* Finder.m */; };
/* End PBXBuildFile section */

/* Begin PBXCopyFilesBuildPhase section */
		5C16CB5D1AA6CBD20075A46B /* CopyFiles */ = {
			isa = PBXCopyFilesBuildPhase;
			buildActionMask = 2147483647;
			dstPath = /usr/share/man/man1/;
			dstSubfolderSpec = 0;
			files = (
			);
			runOnlyForDeploymentPostprocessing = 1;
		};
/* End PBXCopyFilesBuildPhase section */

/* Begin PBXFileReference section */
		5C16CB5F1AA6CBD20075A46B /* week1 */ = {isa = PBXFileReference; explicitFileType = "compiled.mach-o.executable"; includeInIndex = 0; path = week1; sourceTree = BUILT_PRODUCTS_DIR; };
		5C16CB621AA6CBD20075A46B /* main.m */ = {isa = PBXFileReference; lastKnownFileType = sourcecode.c.objc; path = main.m; sourceTree = "<group>"; };
		5C16CB691AA6CDD70075A46B /* NXPerson.h */ = {isa = PBXFileReference; fileEncoding = 4; lastKnownFileType = sourcecode.c.h; path = NXPerson.h; sourceTree = "<group>"; };
		5C16CB6A1AA6CDD70075A46B /* NXPerson.m */ = {isa = PBXFileReference; fileEncoding = 4; lastKnownFileType = sourcecode.c.objc; path = NXPerson.m; sourceTree = "<group>"; };
		5C16CB6C1AA6D9640075A46B /* Finder.h */ = {isa = PBXFileReference; fileEncoding = 4; lastKnownFileType = sourcecode.c.h; path = Finder.h; sourceTree = "<group>"; };
		5C16CB6D1AA6D9640075A46B /* Finder.m */ = {isa = PBXFileReference; fileEncoding = 4; lastKnownFileType = sourcecode.c.objc; path = Finder.m; sourceTree = "<group>"; };
/* End PBXFileReference section */

/* Begin PBXFrameworksBuildPhase section */
		5C16CB5C1AA6CBD20075A46B /* Frameworks */ = {
			isa = PBXFrameworksBuildPhase;
			buildActionMask = 2147483647;
			files = (
			);
			runOnlyForDeploymentPostprocessing = 0;
		};
/* End PBXFrameworksBuildPhase section */

/* Begin PBXGroup section */
		5C16CB561AA6CBD20075A46B = {
			isa = PBXGroup;
			children = (
				5C16CB611AA6CBD20075A46B /* week1 */,
				5C16CB601AA6CBD20075A46B /* Products */,
			);
			sourceTree = "<group>";
		};
		5C16CB601AA6CBD20075A46B /* Products */ = {
			isa = PBXGroup;
			children = (
				5C16CB5F1AA6CBD20075A46B /* week1 */,
			);
			name = Products;
			sourceTree = "<group>";
		};
		5C16CB611AA6CBD20075A46B /* week1 */ = {
			isa = PBXGroup;
			children = (
				5C16CB621AA6CBD20075A46B /* main.m */,
				5C16CB691AA6CDD70075A46B /* NXPerson.h */,
				5C16CB6A1AA6CDD70075A46B /* NXPerson.m */,
				5C16CB6C1AA6D9640075A46B /* Finder.h */,
				5C16CB6D1AA6D9640075A46B /* Finder.m */,
			);
			path = week1;
			sourceTree = "<group>";
		};
/* End PBXGroup section */

/* Begin PBXNativeTarget section */
		5C16CB5E1AA6CBD20075A46B /* week1 */ = {
			isa = PBXNativeTarget;
			buildConfigurationList = 5C16CB661AA6CBD20075A46B /* Build configuration list for PBXNativeTarget "week1" */;
			buildPhases = (
				5C16CB5B1AA6CBD20075A46B /* Sources */,
				5C16CB5C1AA6CBD20075A46B /* Frameworks */,
				5C16CB5D1AA6CBD20075A46B /* CopyFiles */,
			);
			buildRules = (
			);
			dependencies = (
			);
			name = week1;
			productName = week1;
			productReference = 5C16CB5F1AA6CBD20075A46B /* week1 */;
			productType = "com.apple.product-type.tool";
		};
/* End PBXNativeTarget section */

/* Begin PBXProject section */
		5C16CB571AA6CBD20075A46B /* Project object */ = {
			isa = PBXProject;
			attributes = {
				LastUpgradeCheck = 0610;
				ORGANIZATIONNAME = YDCho;
				TargetAttributes = {
					5C16CB5E1AA6CBD20075A46B = {
						CreatedOnToolsVersion = 6.1.1;
					};
				};
			};
			buildConfigurationList = 5C16CB5A1AA6CBD20075A46B /* Build configuration list for PBXProject "week1" */;
			compatibilityVersion = "Xcode 3.2";
			developmentRegion = English;
			hasScannedForEncodings = 0;
			knownRegions = (
				en,
			);
			mainGroup = 5C16CB561AA6CBD20075A46B;
			productRefGroup = 5C16CB601AA6CBD20075A46B /* Products */;
			projectDirPath = "";
			projectRoot = "";
			targets = (
				5C16CB5E1AA6CBD20075A46B /* week1 */,
			);
		};
/* End PBXProject section */

/* Begin PBXSourcesBuildPhase section */
		5C16CB5B1AA6CBD20075A46B /* Sources */ = {
			isa = PBXSourcesBuildPhase;
			buildActionMask = 2147483647;
			files = (
				5C16CB6B1AA6CDD70075A46B /* NXPerson.m in Sources */,
				5C16CB6E1AA6D9640075A46B /* Finder.m in Sources */,
				5C16CB631AA6CBD20075A46B /* main.m in Sources */,
			);
			runOnlyForDeploymentPostprocessing = 0;
		};
/* End PBXSourcesBuildPhase section */

/* Begin XCBuildConfiguration section */
		5C16CB641AA6CBD20075A46B /* Debug */ = {
			isa = XCBuildConfiguration;
			buildSettings = {
				ALWAYS_SEARCH_USER_PATHS = NO;
				CLANG_CXX_LANGUAGE_STANDARD = "gnu++0x";
				CLANG_CXX_LIBRARY = "libc++";
				CLANG_ENABLE_MODULES = YES;
				CLANG_ENABLE_OBJC_ARC = YES;
				CLANG_WARN_BOOL_CONVERSION = YES;
				CLANG_WARN_CONSTANT_CONVERSION = YES;
				CLANG_WARN_DIRECT_OBJC_ISA_USAGE = YES_ERROR;
				CLANG_WARN_EMPTY_BODY = YES;
				CLANG_WARN_ENUM_CONVERSION = YES;
				CLANG_WARN_INT_CONVERSION = YES;
				CLANG_WARN_OBJC_ROOT_CLASS = YES_ERROR;
				CLANG_WARN_UNREACHABLE_CODE = YES;
				CLANG_WARN__DUPLICATE_METHOD_MATCH = YES;
				COPY_PHASE_STRIP = NO;
				ENABLE_STRICT_OBJC_MSGSEND = YES;
				GCC_C_LANGUAGE_STANDARD = gnu99;
				GCC_DYNAMIC_NO_PIC = NO;
				GCC_OPTIMIZATION_LEVEL = 0;
				GCC_PREPROCESSOR_DEFINITIONS = (
					"DEBUG=1",
					"$(inherited)",
				);
				GCC_SYMBOLS_PRIVATE_EXTERN = NO;
				GCC_WARN_64_TO_32_BIT_CONVERSION = YES;
				GCC_WARN_ABOUT_RETURN_TYPE = YES_ERROR;
				GCC_WARN_UNDECLARED_SELECTOR = YES;
				GCC_WARN_UNINITIALIZED_AUTOS = YES_AGGRESSIVE;
				GCC_WARN_UNUSED_FUNCTION = YES;
				GCC_WARN_UNUSED_VARIABLE = YES;
				MACOSX_DEPLOYMENT_TARGET = 10.9;
				MTL_ENABLE_DEBUG_INFO = YES;
				ONLY_ACTIVE_ARCH = YES;
				SDKROOT = macosx;
			};
			name = Debug;
		};
		5C16CB651AA6CBD20075A46B /* Release */ = {
			isa = XCBuildConfiguration;
			buildSettings = {
				ALWAYS_SEARCH_USER_PATHS = NO;
				CLANG_CXX_LANGUAGE_STANDARD = "gnu++0x";
				CLANG_CXX_LIBRARY = "libc++";
				CLANG_ENABLE_MODULES = YES;
				CLANG_ENABLE_OBJC_ARC = YES;
				CLANG_WARN_BOOL_CONVERSION = YES;
				CLANG_WARN_CONSTANT_CONVERSION = YES;
				CLANG_WARN_DIRECT_OBJC_ISA_USAGE = YES_ERROR;
				CLANG_WARN_EMPTY_BODY = YES;
				CLANG_WARN_ENUM_CONVERSION = YES;
				CLANG_WARN_INT_CONVERSION = YES;
				CLANG_WARN_OBJC_ROOT_CLASS = YES_ERROR;
				CLANG_WARN_UNREACHABLE_CODE = YES;
				CLANG_WARN__DUPLICATE_METHOD_MATCH = YES;
				COPY_PHASE_STRIP = YES;
				DEBUG_INFORMATION_FORMAT = "dwarf-with-dsym";
				ENABLE_NS_ASSERTIONS = NO;
				ENABLE_STRICT_OBJC_MSGSEND = YES;
				GCC_C_LANGUAGE_STANDARD = gnu99;
				GCC_WARN_64_TO_32_BIT_CONVERSION = YES;
				GCC_WARN_ABOUT_RETURN_TYPE = YES_ERROR;
				GCC_WARN_UNDECLARED_SELECTOR = YES;
				GCC_WARN_UNINITIALIZED_AUTOS = YES_AGGRESSIVE;
				GCC_WARN_UNUSED_FUNCTION = YES;
				GCC_WARN_UNUSED_VARIABLE = YES;
				MACOSX_DEPLOYMENT_TARGET = 10.9;
				MTL_ENABLE_DEBUG_INFO = NO;
				SDKROOT = macosx;
			};
			name = Release;
		};
		5C16CB671AA6CBD20075A46B /* Debug */ = {
			isa = XCBuildConfiguration;
			buildSettings = {
				PRODUCT_NAME = "$(TARGET_NAME)";
			};
			name = Debug;
		};
		5C16CB681AA6CBD20075A46B /* Release */ = {
			isa = XCBuildConfiguration;
			buildSettings = {
				PRODUCT_NAME = "$(TARGET_NAME)";
			};
			name = Release;
		};
/* End XCBuildConfiguration section */

/* Begin XCConfigurationList section */
		5C16CB5A1AA6CBD20075A46B /* Build configuration list for PBXProject "week1" */ = {
			isa = XCConfigurationList;
			buildConfigurations = (
				5C16CB641AA6CBD20075A46B /* Debug */,
				5C16CB651AA6CBD20075A46B /* Release */,
			);
			defaultConfigurationIsVisible = 0;
			defaultConfigurationName = Release;
		};
		5C16CB661AA6CBD20075A46B /* Build configuration list for PBXNativeTarget "week1" */ = {
			isa = XCConfigurationList;
			buildConfigurations = (
				5C16CB671AA6CBD20075A46B /* Debug */,
				5C16CB681AA6CBD20075A46B /* Release */,
			);
			defaultConfigurationIsVisible = 0;
			defaultConfigurationName = Release;
		};
/* End XCConfigurationList section */
	};
	rootObject = 5C16CB571AA6CBD20075A46B /* Project object */;
}
